# THIS IS AN AUTOGENERATED FILE. DO NOT EDIT THIS FILE DIRECTLY.
# yarn lockfile v1


"@zeit/ncc@^0.21.0":
  version "0.21.0"
  resolved "https://registry.yarnpkg.com/@zeit/ncc/-/ncc-0.21.0.tgz#9516fc44ca81614c5b582d6e88542fdf37c401b6"
  integrity sha512-RUMdvVK/w78oo+yBjruZltt0kJXYar2un/1bYQ2LuHG7GmFVm+QjxzEmySwREctaJdEnBvlMdUNWd9hXHxEI3g==
